
Microsoft Visual Studio Solution File, Format Version 12.00
# Visual Studio Version 16
VisualStudioVersion = 16.0.29209.62
MinimumVisualStudioVersion = 10.0.40219.1
Project("{FAE04EC0-301F-11D3-BF4B-00C04F79EFBC}") = "Repository.Android", "Repository\Repository.Android\Repository.Android.csproj", "{A0FD29C4-0099-40C5-9479-14D5D54DE086}"
EndProject
Project("{FAE04EC0-301F-11D3-BF4B-00C04F79EFBC}") = "Repository", "Repository\Repository\Repository.csproj", "{765043C2-D6C1-4FBE-B051-76C9F7306822}"
EndProject
Global
	GlobalSection(SolutionConfigurationPlatforms) = preSolution
		Debug|Any CPU = Debug|Any CPU
		Release|Any CPU = Release|Any CPU
	EndGlobalSection
	GlobalSection(ProjectConfigurationPlatforms) = postSolution
		{A0FD29C4-0099-40C5-9479-14D5D54DE086}.Debug|Any CPU.ActiveCfg = Debug|Any CPU
		{A0FD29C4-0099-40C5-9479-14D5D54DE086}.Debug|Any CPU.Build.0 = Debug|Any CPU
		{A0FD29C4-0099-40C5-9479-14D5D54DE086}.Debug|Any CPU.Deploy.0 = Debug|Any CPU
		{A0FD29C4-0099-40C5-9479-14D5D54DE086}.Release|Any CPU.ActiveCfg = Release|Any CPU
		{A0FD29C4-0099-40C5-9479-14D5D54DE086}.Release|Any CPU.Build.0 = Release|Any CPU
		{A0FD29C4-0099-40C5-9479-14D5D54DE086}.Release|Any CPU.Deploy.0 = Release|Any CPU
		{765043C2-D6C1-4FBE-B051-76C9F7306822}.Debug|Any CPU.ActiveCfg = Debug|Any CPU
		{765043C2-D6C1-4FBE-B051-76C9F7306822}.Debug|Any CPU.Build.0 = Debug|Any CPU
		{765043C2-D6C1-4FBE-B051-76C9F7306822}.Debug|Any CPU.Deploy.0 = Debug|Any CPU
		{765043C2-D6C1-4FBE-B051-76C9F7306822}.Release|Any CPU.ActiveCfg = Release|Any CPU
		{765043C2-D6C1-4FBE-B051-76C9F7306822}.Release|Any CPU.Build.0 = Release|Any CPU
		{765043C2-D6C1-4FBE-B051-76C9F7306822}.Release|Any CPU.Deploy.0 = Release|Any CPU
	EndGlobalSection
	GlobalSection(SolutionProperties) = preSolution
		HideSolutionNode = FALSE
	EndGlobalSection
	GlobalSection(ExtensibilityGlobals) = postSolution
		SolutionGuid = {47B1EB52-C029-4AE2-822A-DF59A6D86BC0}
	EndGlobalSection
EndGlobal
